
Microsoft Visual Studio Solution File, Format Version 12.00
# Visual Studio Version 17
VisualStudioVersion = 17.13.35931.197
MinimumVisualStudioVersion = 10.0.40219.1
Project("{FAE04EC0-301F-11D3-BF4B-00C04F79EFBC}") = "Mail.dat.Abstractions", "Mail.dat.DataTypes\Mail.dat.Abstractions.csproj", "{B9CC77EA-95E2-42C9-BA70-5466AD9FA1CA}"
EndProject
Project("{FAE04EC0-301F-11D3-BF4B-00C04F79EFBC}") = "Code Builder", "Code Builder\Code Builder.csproj", "{36297CF5-B59B-40A8-8477-CE9376F4A9EA}"
EndProject
Project("{FAE04EC0-301F-11D3-BF4B-00C04F79EFBC}") = "Mail.dat.Models", "Mail.dat.Models\Mail.dat.Models.csproj", "{565D3190-CFF2-4083-B748-060CB3F29DD5}"
EndProject
Project("{FAE04EC0-301F-11D3-BF4B-00C04F79EFBC}") = "Test", "Test\Test.csproj", "{844624C1-BE23-4826-8306-930B2664CE5A}"
EndProject
Project("{FAE04EC0-301F-11D3-BF4B-00C04F79EFBC}") = "Mail.dat.Io", "Mail.dat.Io\Mail.dat.Io.csproj", "{F89F34F2-B0E1-4345-BBCC-0A7DF7C6F0E7}"
EndProject
Global
	GlobalSection(SolutionConfigurationPlatforms) = preSolution
		Debug|Any CPU = Debug|Any CPU
		Release|Any CPU = Release|Any CPU
	EndGlobalSection
	GlobalSection(ProjectConfigurationPlatforms) = postSolution
		{B9CC77EA-95E2-42C9-BA70-5466AD9FA1CA}.Debug|Any CPU.ActiveCfg = Debug|Any CPU
		{B9CC77EA-95E2-42C9-BA70-5466AD9FA1CA}.Debug|Any CPU.Build.0 = Debug|Any CPU
		{B9CC77EA-95E2-42C9-BA70-5466AD9FA1CA}.Release|Any CPU.ActiveCfg = Release|Any CPU
		{B9CC77EA-95E2-42C9-BA70-5466AD9FA1CA}.Release|Any CPU.Build.0 = Release|Any CPU
		{36297CF5-B59B-40A8-8477-CE9376F4A9EA}.Debug|Any CPU.ActiveCfg = Debug|Any CPU
		{36297CF5-B59B-40A8-8477-CE9376F4A9EA}.Debug|Any CPU.Build.0 = Debug|Any CPU
		{36297CF5-B59B-40A8-8477-CE9376F4A9EA}.Release|Any CPU.ActiveCfg = Release|Any CPU
		{36297CF5-B59B-40A8-8477-CE9376F4A9EA}.Release|Any CPU.Build.0 = Release|Any CPU
		{565D3190-CFF2-4083-B748-060CB3F29DD5}.Debug|Any CPU.ActiveCfg = Debug|Any CPU
		{565D3190-CFF2-4083-B748-060CB3F29DD5}.Debug|Any CPU.Build.0 = Debug|Any CPU
		{565D3190-CFF2-4083-B748-060CB3F29DD5}.Release|Any CPU.ActiveCfg = Release|Any CPU
		{565D3190-CFF2-4083-B748-060CB3F29DD5}.Release|Any CPU.Build.0 = Release|Any CPU
		{844624C1-BE23-4826-8306-930B2664CE5A}.Debug|Any CPU.ActiveCfg = Debug|Any CPU
		{844624C1-BE23-4826-8306-930B2664CE5A}.Debug|Any CPU.Build.0 = Debug|Any CPU
		{844624C1-BE23-4826-8306-930B2664CE5A}.Release|Any CPU.ActiveCfg = Release|Any CPU
		{844624C1-BE23-4826-8306-930B2664CE5A}.Release|Any CPU.Build.0 = Release|Any CPU
		{F89F34F2-B0E1-4345-BBCC-0A7DF7C6F0E7}.Debug|Any CPU.ActiveCfg = Debug|Any CPU
		{F89F34F2-B0E1-4345-BBCC-0A7DF7C6F0E7}.Debug|Any CPU.Build.0 = Debug|Any CPU
		{F89F34F2-B0E1-4345-BBCC-0A7DF7C6F0E7}.Release|Any CPU.ActiveCfg = Release|Any CPU
		{F89F34F2-B0E1-4345-BBCC-0A7DF7C6F0E7}.Release|Any CPU.Build.0 = Release|Any CPU
	EndGlobalSection
	GlobalSection(SolutionProperties) = preSolution
		HideSolutionNode = FALSE
	EndGlobalSection
	GlobalSection(ExtensibilityGlobals) = postSolution
		SolutionGuid = {462ECA5A-EEE4-4CE9-A061-E32D7BC08DA0}
	EndGlobalSection
EndGlobal
